
Microsoft Visual Studio Solution File, Format Version 12.00
# Visual Studio Version 16
VisualStudioVersion = 16.0.29503.13
MinimumVisualStudioVersion = 10.0.40219.1
Project("{FAE04EC0-301F-11D3-BF4B-00C04F79EFBC}") = "GoChess3D", "GoChess3D.csproj", "{5957E0D0-6BBD-4E92-2D31-06D051F3DC31}"
EndProject
Project("{FAE04EC0-301F-11D3-BF4B-00C04F79EFBC}") = "Mirror", "Mirror.csproj", "{76816BCB-B384-EA39-0E4B-C4F764B27A99}"
EndProject
Project("{FAE04EC0-301F-11D3-BF4B-00C04F79EFBC}") = "Mirror.Components", "Mirror.Components.csproj", "{20881813-DA5E-7396-A1F5-0CFA587FB1E7}"
EndProject
Project("{FAE04EC0-301F-11D3-BF4B-00C04F79EFBC}") = "Ninja.WebSockets", "Ninja.WebSockets.csproj", "{9E11F428-6EA8-C990-0D69-4B2EB307991A}"
EndProject
Project("{FAE04EC0-301F-11D3-BF4B-00C04F79EFBC}") = "Mirror.Authenticators", "Mirror.Authenticators.csproj", "{BD16222A-3EAA-C157-813F-294C544241AE}"
EndProject
Project("{FAE04EC0-301F-11D3-BF4B-00C04F79EFBC}") = "Mirror.Weaver", "Mirror.Weaver.csproj", "{0DE90526-94FA-1DDF-396C-AC286464441D}"
EndProject
Project("{FAE04EC0-301F-11D3-BF4B-00C04F79EFBC}") = "Mirror.Editor", "Mirror.Editor.csproj", "{D21FA122-F1FF-A849-9A16-03F733090883}"
EndProject
Project("{FAE04EC0-301F-11D3-BF4B-00C04F79EFBC}") = "Mirror.CompilerSymbols", "Mirror.CompilerSymbols.csproj", "{D758A1DA-5C2D-22EC-327A-67F57CBEC749}"
EndProject
Project("{2150E333-8FDC-42A3-9474-1A3956D46DE8}") = "MirrorNetwork", "MirrorNetwork", "{85193293-EF7F-4233-A25C-C02C8D6EA40E}"
EndProject
Global
	GlobalSection(SolutionConfigurationPlatforms) = preSolution
		Debug|Any CPU = Debug|Any CPU
		Release|Any CPU = Release|Any CPU
	EndGlobalSection
	GlobalSection(ProjectConfigurationPlatforms) = postSolution
		{5957E0D0-6BBD-4E92-2D31-06D051F3DC31}.Debug|Any CPU.ActiveCfg = Debug|Any CPU
		{5957E0D0-6BBD-4E92-2D31-06D051F3DC31}.Debug|Any CPU.Build.0 = Debug|Any CPU
		{5957E0D0-6BBD-4E92-2D31-06D051F3DC31}.Release|Any CPU.ActiveCfg = Release|Any CPU
		{5957E0D0-6BBD-4E92-2D31-06D051F3DC31}.Release|Any CPU.Build.0 = Release|Any CPU
		{76816BCB-B384-EA39-0E4B-C4F764B27A99}.Debug|Any CPU.ActiveCfg = Debug|Any CPU
		{76816BCB-B384-EA39-0E4B-C4F764B27A99}.Debug|Any CPU.Build.0 = Debug|Any CPU
		{76816BCB-B384-EA39-0E4B-C4F764B27A99}.Release|Any CPU.ActiveCfg = Release|Any CPU
		{76816BCB-B384-EA39-0E4B-C4F764B27A99}.Release|Any CPU.Build.0 = Release|Any CPU
		{20881813-DA5E-7396-A1F5-0CFA587FB1E7}.Debug|Any CPU.ActiveCfg = Debug|Any CPU
		{20881813-DA5E-7396-A1F5-0CFA587FB1E7}.Debug|Any CPU.Build.0 = Debug|Any CPU
		{20881813-DA5E-7396-A1F5-0CFA587FB1E7}.Release|Any CPU.ActiveCfg = Release|Any CPU
		{20881813-DA5E-7396-A1F5-0CFA587FB1E7}.Release|Any CPU.Build.0 = Release|Any CPU
		{9E11F428-6EA8-C990-0D69-4B2EB307991A}.Debug|Any CPU.ActiveCfg = Debug|Any CPU
		{9E11F428-6EA8-C990-0D69-4B2EB307991A}.Debug|Any CPU.Build.0 = Debug|Any CPU
		{9E11F428-6EA8-C990-0D69-4B2EB307991A}.Release|Any CPU.ActiveCfg = Release|Any CPU
		{9E11F428-6EA8-C990-0D69-4B2EB307991A}.Release|Any CPU.Build.0 = Release|Any CPU
		{BD16222A-3EAA-C157-813F-294C544241AE}.Debug|Any CPU.ActiveCfg = Debug|Any CPU
		{BD16222A-3EAA-C157-813F-294C544241AE}.Debug|Any CPU.Build.0 = Debug|Any CPU
		{BD16222A-3EAA-C157-813F-294C544241AE}.Release|Any CPU.ActiveCfg = Release|Any CPU
		{BD16222A-3EAA-C157-813F-294C544241AE}.Release|Any CPU.Build.0 = Release|Any CPU
		{0DE90526-94FA-1DDF-396C-AC286464441D}.Debug|Any CPU.ActiveCfg = Debug|Any CPU
		{0DE90526-94FA-1DDF-396C-AC286464441D}.Debug|Any CPU.Build.0 = Debug|Any CPU
		{0DE90526-94FA-1DDF-396C-AC286464441D}.Release|Any CPU.ActiveCfg = Release|Any CPU
		{0DE90526-94FA-1DDF-396C-AC286464441D}.Release|Any CPU.Build.0 = Release|Any CPU
		{D21FA122-F1FF-A849-9A16-03F733090883}.Debug|Any CPU.ActiveCfg = Debug|Any CPU
		{D21FA122-F1FF-A849-9A16-03F733090883}.Debug|Any CPU.Build.0 = Debug|Any CPU
		{D21FA122-F1FF-A849-9A16-03F733090883}.Release|Any CPU.ActiveCfg = Release|Any CPU
		{D21FA122-F1FF-A849-9A16-03F733090883}.Release|Any CPU.Build.0 = Release|Any CPU
		{D758A1DA-5C2D-22EC-327A-67F57CBEC749}.Debug|Any CPU.ActiveCfg = Debug|Any CPU
		{D758A1DA-5C2D-22EC-327A-67F57CBEC749}.Debug|Any CPU.Build.0 = Debug|Any CPU
		{D758A1DA-5C2D-22EC-327A-67F57CBEC749}.Release|Any CPU.ActiveCfg = Release|Any CPU
		{D758A1DA-5C2D-22EC-327A-67F57CBEC749}.Release|Any CPU.Build.0 = Release|Any CPU
	EndGlobalSection
	GlobalSection(SolutionProperties) = preSolution
		HideSolutionNode = FALSE
	EndGlobalSection
	GlobalSection(NestedProjects) = preSolution
		{76816BCB-B384-EA39-0E4B-C4F764B27A99} = {85193293-EF7F-4233-A25C-C02C8D6EA40E}
		{20881813-DA5E-7396-A1F5-0CFA587FB1E7} = {85193293-EF7F-4233-A25C-C02C8D6EA40E}
		{9E11F428-6EA8-C990-0D69-4B2EB307991A} = {85193293-EF7F-4233-A25C-C02C8D6EA40E}
		{BD16222A-3EAA-C157-813F-294C544241AE} = {85193293-EF7F-4233-A25C-C02C8D6EA40E}
		{0DE90526-94FA-1DDF-396C-AC286464441D} = {85193293-EF7F-4233-A25C-C02C8D6EA40E}
		{D21FA122-F1FF-A849-9A16-03F733090883} = {85193293-EF7F-4233-A25C-C02C8D6EA40E}
		{D758A1DA-5C2D-22EC-327A-67F57CBEC749} = {85193293-EF7F-4233-A25C-C02C8D6EA40E}
	EndGlobalSection
	GlobalSection(ExtensibilityGlobals) = postSolution
		SolutionGuid = {68ADB02A-87FB-41F8-97A5-F5B37335E411}
	EndGlobalSection
EndGlobal
